
Microsoft Visual Studio Solution File, Format Version 12.00
# Visual Studio Version 17
VisualStudioVersion = 17.14.37314.3 d17.14
MinimumVisualStudioVersion = 10.0.40219.1
Project("{FAE04EC0-301F-11D3-BF4B-00C04F79EFBC}") = "GitFormula 1", "GitFormula 1.csproj", "{7859DBDE-C5EE-4A1F-856F-01A36A25CF01}"
EndProject
Global
	GlobalSection(SolutionConfigurationPlatforms) = preSolution
		Debug|Any CPU = Debug|Any CPU
		Release|Any CPU = Release|Any CPU
	EndGlobalSection
	GlobalSection(ProjectConfigurationPlatforms) = postSolution
		{7859DBDE-C5EE-4A1F-856F-01A36A25CF01}.Debug|Any CPU.ActiveCfg = Debug|Any CPU
		{7859DBDE-C5EE-4A1F-856F-01A36A25CF01}.Debug|Any CPU.Build.0 = Debug|Any CPU
		{7859DBDE-C5EE-4A1F-856F-01A36A25CF01}.Release|Any CPU.ActiveCfg = Release|Any CPU
		{7859DBDE-C5EE-4A1F-856F-01A36A25CF01}.Release|Any CPU.Build.0 = Release|Any CPU
	EndGlobalSection
	GlobalSection(SolutionProperties) = preSolution
		HideSolutionNode = FALSE
	EndGlobalSection
	GlobalSection(ExtensibilityGlobals) = postSolution
		SolutionGuid = {73716911-B190-4A32-87A0-8F296FF383EC}
	EndGlobalSection
EndGlobal
